
Microsoft Visual Studio Solution File, Format Version 12.00
# Visual Studio Version 17
VisualStudioVersion = 17.0.32126.317
MinimumVisualStudioVersion = 10.0.40219.1
Project("{FAE04EC0-301F-11D3-BF4B-00C04F79EFBC}") = "mvcApp", "mvcApp\mvcApp.csproj", "{48ABB5BB-6AB1-4420-B206-05C49000BBB7}"
EndProject
Global
	GlobalSection(SolutionConfigurationPlatforms) = preSolution
		Debug|Any CPU = Debug|Any CPU
		Release|Any CPU = Release|Any CPU
	EndGlobalSection
	GlobalSection(ProjectConfigurationPlatforms) = postSolution
		{48ABB5BB-6AB1-4420-B206-05C49000BBB7}.Debug|Any CPU.ActiveCfg = Debug|Any CPU
		{48ABB5BB-6AB1-4420-B206-05C49000BBB7}.Debug|Any CPU.Build.0 = Debug|Any CPU
		{48ABB5BB-6AB1-4420-B206-05C49000BBB7}.Release|Any CPU.ActiveCfg = Release|Any CPU
		{48ABB5BB-6AB1-4420-B206-05C49000BBB7}.Release|Any CPU.Build.0 = Release|Any CPU
	EndGlobalSection
	GlobalSection(SolutionProperties) = preSolution
		HideSolutionNode = FALSE
	EndGlobalSection
	GlobalSection(ExtensibilityGlobals) = postSolution
		SolutionGuid = {D190862A-AED1-42DF-9250-49E04F61FA1E}
	EndGlobalSection
EndGlobal
